{
  "name": "nativescript-stripe",
  "version": "3.2.1",
  "lockfileVersion": 1,
  "requires": true,
  "dependencies": {
    "@angular/common": {
      "version": "4.4.6",
      "resolved": "https://registry.npmjs.org/@angular/common/-/common-4.4.6.tgz",
      "integrity": "sha1-S4FCByTggooOg5uVpV6xp+g5GPI=",
      "dev": true,
      "requires": {
        "tslib": "1.8.0"
      }
    },
    "@angular/compiler": {
      "version": "4.4.6",
      "resolved": "https://registry.npmjs.org/@angular/compiler/-/compiler-4.4.6.tgz",
      "integrity": "sha1-LuH68lt1fh0SiXkHS+f65SmzvCA=",
      "dev": true,
      "requires": {
        "tslib": "1.8.0"
      }
    },
    "@angular/core": {
      "version": "4.4.6",
      "resolved": "https://registry.npmjs.org/@angular/core/-/core-4.4.6.tgz",
      "integrity": "sha1-EwMf0Q3P5DiHVBmzjyESCVi8I1Q=",
      "dev": true,
      "requires": {
        "tslib": "1.8.0"
      }
    },
    "@angular/forms": {
      "version": "4.4.6",
      "resolved": "https://registry.npmjs.org/@angular/forms/-/forms-4.4.6.tgz",
      "integrity": "sha1-/mSs5CQ1wbgPSQNLfEHOjK8UpEo=",
      "dev": true,
      "requires": {
        "tslib": "1.8.0"
      }
    },
    "@angular/http": {
      "version": "4.4.6",
      "resolved": "https://registry.npmjs.org/@angular/http/-/http-4.4.6.tgz",
      "integrity": "sha1-CvaAxnEL3AJtlA4iXP0PalwAXQw=",
      "dev": true,
      "requires": {
        "tslib": "1.8.0"
      }
    },
    "@angular/platform-browser": {
      "version": "4.4.6",
      "resolved": "https://registry.npmjs.org/@angular/platform-browser/-/platform-browser-4.4.6.tgz",
      "integrity": "sha1-qYOcVH4bZU+h0kqJeAyLpquNzOA=",
      "dev": true,
      "requires": {
        "tslib": "1.8.0"
      }
    },
    "@angular/router": {
      "version": "4.4.6",
      "resolved": "https://registry.npmjs.org/@angular/router/-/router-4.4.6.tgz",
      "integrity": "sha1-D2rSmuD/jSyeo3m9MgRHIXt+yGY=",
      "dev": true,
      "requires": {
        "tslib": "1.8.0"
      }
    },
    "nativescript-angular": {
      "version": "4.4.1",
      "resolved": "https://registry.npmjs.org/nativescript-angular/-/nativescript-angular-4.4.1.tgz",
      "integrity": "sha1-eCRonQwtxoKL+xclmBqh9tlCCas=",
      "dev": true,
      "requires": {
        "nativescript-intl": "3.0.0",
        "reflect-metadata": "0.1.10"
      }
    },
    "nativescript-intl": {
      "version": "3.0.0",
      "resolved": "https://registry.npmjs.org/nativescript-intl/-/nativescript-intl-3.0.0.tgz",
      "integrity": "sha1-gu6b59N3Fys8QpVzRyMDdijhhqc=",
      "dev": true
    },
    "reflect-metadata": {
      "version": "0.1.10",
      "resolved": "https://registry.npmjs.org/reflect-metadata/-/reflect-metadata-0.1.10.tgz",
      "integrity": "sha1-tPg3BEFqytiZiMmxVjXUfgO5NEo=",
      "dev": true
    },
    "rxjs": {
      "version": "5.0.3",
      "resolved": "https://registry.npmjs.org/rxjs/-/rxjs-5.0.3.tgz",
      "integrity": "sha1-/IvfRk6/k4gSdI5BlniPOS/vl1Q=",
      "dev": true,
      "requires": {
        "symbol-observable": "1.0.4"
      }
    },
    "symbol-observable": {
      "version": "1.0.4",
      "resolved": "https://registry.npmjs.org/symbol-observable/-/symbol-observable-1.0.4.tgz",
      "integrity": "sha1-Kb9hXUqnEhvdiYsi1LP5vE4qoD0=",
      "dev": true
    },
    "tns-core-modules": {
      "version": "3.3.0",
      "resolved": "https://registry.npmjs.org/tns-core-modules/-/tns-core-modules-3.3.0.tgz",
      "integrity": "sha1-T+sfMRE8VU8LtHmErElvzNta8VY=",
      "dev": true,
      "requires": {
        "tns-core-modules-widgets": "3.3.0"
      }
    },
    "tns-core-modules-widgets": {
      "version": "3.3.0",
      "resolved": "https://registry.npmjs.org/tns-core-modules-widgets/-/tns-core-modules-widgets-3.3.0.tgz",
      "integrity": "sha1-0qp7smrSEkjJ9cH3X+pRNxhmYiY=",
      "dev": true
    },
    "tns-platform-declarations": {
      "version": "3.3.0",
      "resolved": "https://registry.npmjs.org/tns-platform-declarations/-/tns-platform-declarations-3.3.0.tgz",
      "integrity": "sha1-R5GJM5I+LiVfDOclGVijmXikkKc=",
      "dev": true
    },
    "tslib": {
      "version": "1.8.0",
      "resolved": "https://registry.npmjs.org/tslib/-/tslib-1.8.0.tgz",
      "integrity": "sha512-ymKWWZJST0/CkgduC2qkzjMOWr4bouhuURNXCn/inEX0L57BnRG6FhX76o7FOnsjHazCjfU2LKeSrlS2sIKQJg==",
      "dev": true
    },
    "typescript": {
      "version": "2.5.3",
      "resolved": "https://registry.npmjs.org/typescript/-/typescript-2.5.3.tgz",
      "integrity": "sha512-ptLSQs2S4QuS6/OD1eAKG+S5G8QQtrU5RT32JULdZQtM1L3WTi34Wsu48Yndzi8xsObRAB9RPt/KhA9wlpEF6w==",
      "dev": true
    },
    "zone.js": {
      "version": "0.8.18",
      "resolved": "https://registry.npmjs.org/zone.js/-/zone.js-0.8.18.tgz",
      "integrity": "sha512-knKOBQM0oea3/x9pdyDuDi7RhxDlJhOIkeixXSiTKWLgs4LpK37iBc+1HaHwzlciHUKT172CymJFKo8Xgh+44Q==",
      "dev": true
    }
  }
}
